dependencies:
- name: samplehelmapp
  repository: https://aravindjordank8s.github.io/helmcharts/
  version: 1.0.0
- name: mysql
  repository: https://charts.bitnami.com/bitnami
  version: 10.1.0
digest: sha256:f774b3bf28292e34f9bd91e8cfcdc9beca0508b7fec9d38d374a07645290e210
generated: "2024-03-29T15:57:33.0010733+05:30"
